
Microsoft Visual Studio Solution File, Format Version 12.00
# Visual Studio 15
VisualStudioVersion = 15.0.28307.572
MinimumVisualStudioVersion = 10.0.40219.1
Project("{FAE04EC0-301F-11D3-BF4B-00C04F79EFBC}") = "WindowsFormsApp4", "WindowsFormsApp4\WindowsFormsApp4.csproj", "{C65C4971-E606-4E90-B083-187CADD3B452}"
EndProject
Global
	GlobalSection(SolutionConfigurationPlatforms) = preSolution
		Debug|Any CPU = Debug|Any CPU
		Release|Any CPU = Release|Any CPU
	EndGlobalSection
	GlobalSection(ProjectConfigurationPlatforms) = postSolution
		{C65C4971-E606-4E90-B083-187CADD3B452}.Debug|Any CPU.ActiveCfg = Debug|Any CPU
		{C65C4971-E606-4E90-B083-187CADD3B452}.Debug|Any CPU.Build.0 = Debug|Any CPU
		{C65C4971-E606-4E90-B083-187CADD3B452}.Release|Any CPU.ActiveCfg = Release|Any CPU
		{C65C4971-E606-4E90-B083-187CADD3B452}.Release|Any CPU.Build.0 = Release|Any CPU
	EndGlobalSection
	GlobalSection(SolutionProperties) = preSolution
		HideSolutionNode = FALSE
	EndGlobalSection
	GlobalSection(ExtensibilityGlobals) = postSolution
		SolutionGuid = {95A61714-566C-4B0B-8691-305074EF82CE}
	EndGlobalSection
EndGlobal
